
Microsoft Visual Studio Solution File, Format Version 12.00
# Visual Studio Version 16
VisualStudioVersion = 16.0.30717.126
MinimumVisualStudioVersion = 10.0.40219.1
Project("{FAE04EC0-301F-11D3-BF4B-00C04F79EFBC}") = "AdventOfCode2021", "AdventOfCode2021.csproj", "{DDFD0B5A-513A-47A3-BDA6-ECB5615EB041}"
EndProject
Global
	GlobalSection(SolutionConfigurationPlatforms) = preSolution
		Debug|Any CPU = Debug|Any CPU
		Release|Any CPU = Release|Any CPU
	EndGlobalSection
	GlobalSection(ProjectConfigurationPlatforms) = postSolution
		{DDFD0B5A-513A-47A3-BDA6-ECB5615EB041}.Debug|Any CPU.ActiveCfg = Debug|Any CPU
		{DDFD0B5A-513A-47A3-BDA6-ECB5615EB041}.Debug|Any CPU.Build.0 = Debug|Any CPU
		{DDFD0B5A-513A-47A3-BDA6-ECB5615EB041}.Release|Any CPU.ActiveCfg = Release|Any CPU
		{DDFD0B5A-513A-47A3-BDA6-ECB5615EB041}.Release|Any CPU.Build.0 = Release|Any CPU
	EndGlobalSection
	GlobalSection(SolutionProperties) = preSolution
		HideSolutionNode = FALSE
	EndGlobalSection
	GlobalSection(ExtensibilityGlobals) = postSolution
		SolutionGuid = {88D13EDD-EC33-41B5-A012-27A2A12BA35C}
	EndGlobalSection
EndGlobal
